<?xml version="1.0" encoding="utf-8"?>
<Project ToolsVersion="4.0" xmlns="http://schemas.microsoft.com/developer/msbuild/2003">
  <ItemGroup>
    <Filter Include="Source Files">
      <UniqueIdentifier>{4FC737F1-C7A5-4376-A066-2A32D752A2FF}</UniqueIdentifier>
      <Extensions>cpp;c;cc;cxx;def;odl;idl;hpj;bat;asm;asmx</Extensions>
    </Filter>
    <Filter Include="Header Files">
      <UniqueIdentifier>{93995380-89BD-4b04-88EB-625FBE52EBFB}</UniqueIdentifier>
      <Extensions>h;hh;hpp;hxx;hm;inl;inc;ipp;xsd</Extensions>
    </Filter>
    <Filter Include="Resource Files">
      <UniqueIdentifier>{67DA6AB6-F800-4c08-8B7A-83BB121AAD01}</UniqueIdentifier>
      <Extensions>rc;ico;cur;bmp;dlg;rc2;rct;bin;rgs;gif;jpg;jpeg;jpe;resx;tiff;tif;png;wav;mfcribbon-ms</Extensions>
    </Filter>
  </ItemGroup>
  <ItemGroup>
    <ClCompile Include="Source\DX12\Objects\DX12R_Device.cpp">
      <Filter>Source Files</Filter>
    </ClCompile>
    <ClCompile Include="Source\Framework.cpp">
      <Filter>Source Files</Filter>
    </ClCompile>
    <ClCompile Include="Source\Main.cpp">
      <Filter>Source Files</Filter>
    </ClCompile>
    <ClCompile Include="Source\DX12\Objects\DX12R_SwapChain.cpp">
      <Filter>Source Files</Filter>
    </ClCompile>
    <ClCompile Include="Source\DX12\Objects\DX12R_CommandQueue.cpp">
      <Filter>Source Files</Filter>
    </ClCompile>
    <ClCompile Include="Source\DX12\Objects\DX12R_CommandAllocator.cpp">
      <Filter>Source Files</Filter>
    </ClCompile>
    <ClCompile Include="Source\DX12\DX12R_Interface.cpp">
      <Filter>Source Files</Filter>
    </ClCompile>
    <ClCompile Include="Source\DX12\Objects\DX12R_CommandList.cpp">
      <Filter>Source Files</Filter>
    </ClCompile>
    <ClCompile Include="Source\DX12\Helpers\DX12R_GlobalFunctions.cpp">
      <Filter>Source Files</Filter>
    </ClCompile>
    <ClCompile Include="Source\DX12\Objects\DX12R_FrameBuffer.cpp">
      <Filter>Source Files</Filter>
    </ClCompile>
  </ItemGroup>
  <ItemGroup>
    <ClInclude Include="Framework\Source\FrameworkDefaults.h">
      <Filter>Header Files</Filter>
    </ClInclude>
    <ClInclude Include="Header\DX12\Objects\DX12R_Device.h">
      <Filter>Header Files</Filter>
    </ClInclude>
    <ClInclude Include="Header\DX12\Helpers\DX12R_GlobalFunctions.h">
      <Filter>Header Files</Filter>
    </ClInclude>
    <ClInclude Include="Header\DX12\d3dx12.h">
      <Filter>Header Files</Filter>
    </ClInclude>
    <ClInclude Include="Header\DX12\DX12R_Interface.h">
      <Filter>Header Files</Filter>
    </ClInclude>
    <ClInclude Include="Header\stdafx.h">
      <Filter>Header Files</Filter>
    </ClInclude>
    <ClInclude Include="Header\Framework.h">
      <Filter>Header Files</Filter>
    </ClInclude>
    <ClInclude Include="Header\DX12\Objects\DX12R_SwapChain.h">
      <Filter>Header Files</Filter>
    </ClInclude>
    <ClInclude Include="Header\DX12\Objects\DX12R_CommandQueue.h">
      <Filter>Header Files</Filter>
    </ClInclude>
    <ClInclude Include="Header\DX12\Objects\DX12R_CommandAllocator.h">
      <Filter>Header Files</Filter>
    </ClInclude>
    <ClInclude Include="Header\DX12\Objects\DX12R_CommandList.h">
      <Filter>Header Files</Filter>
    </ClInclude>
    <ClInclude Include="Header\DX12\Objects\DX12R_FrameBuffer.h">
      <Filter>Header Files</Filter>
    </ClInclude>
    <ClInclude Include="Header\DX12R.h">
      <Filter>Header Files</Filter>
    </ClInclude>
    <ClInclude Include="Header\DX12\DirectX12.h">
      <Filter>Header Files</Filter>
    </ClInclude>
  </ItemGroup>
</Project>